PODS:
  - iOSDFULibrary (1.0.11):
    - Zip (~> 0.6)
  - Zip (0.6.0)

DEPENDENCIES:
  - iOSDFULibrary (from `../`)

EXTERNAL SOURCES:
  iOSDFULibrary:
    :path: ../

SPEC CHECKSUMS:
  iOSDFULibrary: bba594c017769ab19cd5101d41faf8e904c48412
  Zip: 805fc2fa9d2f05bbb7762d982d7a42ccdcc51f42

PODFILE CHECKSUM: f02a613149cfa2aac7ce3d85b2697906507f0bdc

COCOAPODS: 1.1.0.beta.1
