PODS:
  - iOSDFULibrary (4.2.2):
    - ZIPFoundation (~> 0.9.6)
  - ZIPFoundation (0.9.6)

DEPENDENCIES:
  - iOSDFULibrary (from `../`)

SPEC REPOS:
  https://github.com/cocoapods/specs.git:
    - ZIPFoundation

EXTERNAL SOURCES:
  iOSDFULibrary:
    :path: "../"

SPEC CHECKSUMS:
  iOSDFULibrary: 2003beabac6b9c08d5fd1bc9f7f941a6b68fdda9
  ZIPFoundation: 68c35eb2637c21abe56dc60b3277636443bc1501

PODFILE CHECKSUM: 16697609d795697cac6384a823bc962ccbddb9d0

COCOAPODS: 1.5.3
