PODS:
  - iOSDFULibrary (4.13.0):
    - ZIPFoundation (= 0.9.16)
  - ZIPFoundation (0.9.16)

DEPENDENCIES:
  - iOSDFULibrary (from `../`)

SPEC REPOS:
  trunk:
    - ZIPFoundation

EXTERNAL SOURCES:
  iOSDFULibrary:
    :path: "../"

SPEC CHECKSUMS:
  iOSDFULibrary: cae0ddd62d27cfe354696d513c5c9cd2bc524895
  ZIPFoundation: d170fa8e270b2a32bef9dcdcabff5b8f1a5deced

PODFILE CHECKSUM: ae4b20f609dc65f886ce92e7f350ae5ef1fa65ca

COCOAPODS: 1.14.3
