PODS:
  - iOSDFULibrary (4.14.0):
    - ZIPFoundation (= 0.9.16)
  - ZIPFoundation (0.9.16)

DEPENDENCIES:
  - iOSDFULibrary (from `../`)

SPEC REPOS:
  trunk:
    - ZIPFoundation

EXTERNAL SOURCES:
  iOSDFULibrary:
    :path: "../"

SPEC CHECKSUMS:
  iOSDFULibrary: 02e43ad33fb80b8d50f94900c5bdd807ababc15d
  ZIPFoundation: d170fa8e270b2a32bef9dcdcabff5b8f1a5deced

PODFILE CHECKSUM: ae4b20f609dc65f886ce92e7f350ae5ef1fa65ca

COCOAPODS: 1.14.3
