PODS:
  - iOSDFULibrary (4.15.3):
    - ZIPFoundation (= 0.9.19)
  - ZIPFoundation (0.9.19)

DEPENDENCIES:
  - iOSDFULibrary (from `../`)

SPEC REPOS:
  trunk:
    - ZIPFoundation

EXTERNAL SOURCES:
  iOSDFULibrary:
    :path: "../"

SPEC CHECKSUMS:
  iOSDFULibrary: ef7e1fbb3fc7a5fabd106297a9cd0e775bcfcec6
  ZIPFoundation: b8c29ea7ae353b309bc810586181fd073cb3312c

PODFILE CHECKSUM: ae4b20f609dc65f886ce92e7f350ae5ef1fa65ca

COCOAPODS: 1.15.2
