// !$*UTF8*$!
{
	archiveVersion = 1;
	classes = {
	};
	objectVersion = 46;
	objects = {

/* Begin PBXBuildFile section */
		37E4ADF32008CA1C005464DD /* AppDelegate.swift in Sources */ = {isa = PBXBuildFile; fileRef = 37E4ADF22008CA1C005464DD /* AppDelegate.swift */; };
		37E4ADF52008CA1C005464DD /* ViewController.swift in Sources */ = {isa = PBXBuildFile; fileRef = 37E4ADF42008CA1C005464DD /* ViewController.swift */; };
		37E4ADF72008CA1C005464DD /* Assets.xcassets in Resources */ = {isa = PBXBuildFile; fileRef = 37E4ADF62008CA1C005464DD /* Assets.xcassets */; };
		37E4ADFA2008CA1C005464DD /* Main.storyboard in Resources */ = {isa = PBXBuildFile; fileRef = 37E4ADF82008CA1C005464DD /* Main.storyboard */; };
		47BB46278FACC65A12C2F6D8 /* Pods_iOSDFULibrary_Tests.framework in Frameworks */ = {isa = PBXBuildFile; fileRef = 716A8CBE638EA28D9E0A8836 /* Pods_iOSDFULibrary_Tests.framework */; };
		5223723F2029C40F00068EE4 /* DFUViewController.swift in Sources */ = {isa = PBXBuildFile; fileRef = 5223723E2029C40F00068EE4 /* DFUViewController.swift */; };
		522372442029CCDE00068EE4 /* DFUTestSet.swift in Sources */ = {isa = PBXBuildFile; fileRef = 522372432029CCDE00068EE4 /* DFUTestSet.swift */; };
		522372462029CFFD00068EE4 /* nRF51TestSet.swift in Sources */ = {isa = PBXBuildFile; fileRef = 522372452029CFFD00068EE4 /* nRF51TestSet.swift */; };
		5223724C2029D3FC00068EE4 /* nRF52832TestSet.swift in Sources */ = {isa = PBXBuildFile; fileRef = 5223724B2029D3FC00068EE4 /* nRF52832TestSet.swift */; };
		5223724E202B0B0C00068EE4 /* DFUFirmwareProvider.swift in Sources */ = {isa = PBXBuildFile; fileRef = 5223724D202B0B0C00068EE4 /* DFUFirmwareProvider.swift */; };
		52237250202B117700068EE4 /* CustomTestSet.swift in Sources */ = {isa = PBXBuildFile; fileRef = 5223724F202B117700068EE4 /* CustomTestSet.swift */; };
		5223729B202B275F00068EE4 /* Firmwares in Resources */ = {isa = PBXBuildFile; fileRef = 5223729A202B275F00068EE4 /* Firmwares */; };
		5223729D2036DDFC00068EE4 /* nRF52840TestSet.swift in Sources */ = {isa = PBXBuildFile; fileRef = 5223729C2036DDFC00068EE4 /* nRF52840TestSet.swift */; };
		56F53BEE6CB888BD46537F0A /* Pods_macOSDFULibrary_Example.framework in Frameworks */ = {isa = PBXBuildFile; fileRef = ED399E1B36FF8615AC574C30 /* Pods_macOSDFULibrary_Example.framework */; };
		607FACD61AFB9204008FA782 /* AppDelegate.swift in Sources */ = {isa = PBXBuildFile; fileRef = 607FACD51AFB9204008FA782 /* AppDelegate.swift */; };
		607FACD81AFB9204008FA782 /* ScannerViewController.swift in Sources */ = {isa = PBXBuildFile; fileRef = 607FACD71AFB9204008FA782 /* ScannerViewController.swift */; };
		607FACDB1AFB9204008FA782 /* Main.storyboard in Resources */ = {isa = PBXBuildFile; fileRef = 607FACD91AFB9204008FA782 /* Main.storyboard */; };
		607FACDD1AFB9204008FA782 /* Images.xcassets in Resources */ = {isa = PBXBuildFile; fileRef = 607FACDC1AFB9204008FA782 /* Images.xcassets */; };
		607FACE01AFB9204008FA782 /* LaunchScreen.xib in Resources */ = {isa = PBXBuildFile; fileRef = 607FACDE1AFB9204008FA782 /* LaunchScreen.xib */; };
		607FACEC1AFB9204008FA782 /* Tests.swift in Sources */ = {isa = PBXBuildFile; fileRef = 607FACEB1AFB9204008FA782 /* Tests.swift */; };
		7EF5A5E71EC4881ADD87C90D /* Pods_iOSDFULibrary_Example.framework in Frameworks */ = {isa = PBXBuildFile; fileRef = 3D0CB27D92FDC7A734D97789 /* Pods_iOSDFULibrary_Example.framework */; };
/* End PBXBuildFile section */

/* Begin PBXContainerItemProxy section */
		607FACE61AFB9204008FA782 /* PBXContainerItemProxy */ = {
			isa = PBXContainerItemProxy;
			containerPortal = 607FACC81AFB9204008FA782 /* Project object */;
			proxyType = 1;
			remoteGlobalIDString = 607FACCF1AFB9204008FA782;
			remoteInfo = iOSDFULibrary;
		};
/* End PBXContainerItemProxy section */

/* Begin PBXFileReference section */
		253475831CD3B6CD97F7DFB9 /* Pods-iOSDFULibrary_Example.debug.xcconfig */ = {isa = PBXFileReference; includeInIndex = 1; lastKnownFileType = text.xcconfig; name = "Pods-iOSDFULibrary_Example.debug.xcconfig"; path = "Pods/Target Support Files/Pods-iOSDFULibrary_Example/Pods-iOSDFULibrary_Example.debug.xcconfig"; sourceTree = "<group>"; };
		37E4ADF02008CA1C005464DD /* macOSDFULibrary_Example.app */ = {isa = PBXFileReference; explicitFileType = wrapper.application; includeInIndex = 0; path = macOSDFULibrary_Example.app; sourceTree = BUILT_PRODUCTS_DIR; };
		37E4ADF22008CA1C005464DD /* AppDelegate.swift */ = {isa = PBXFileReference; lastKnownFileType = sourcecode.swift; path = AppDelegate.swift; sourceTree = "<group>"; };
		37E4ADF42008CA1C005464DD /* ViewController.swift */ = {isa = PBXFileReference; lastKnownFileType = sourcecode.swift; path = ViewController.swift; sourceTree = "<group>"; };
		37E4ADF62008CA1C005464DD /* Assets.xcassets */ = {isa = PBXFileReference; lastKnownFileType = folder.assetcatalog; path = Assets.xcassets; sourceTree = "<group>"; };
		37E4ADF92008CA1C005464DD /* Base */ = {isa = PBXFileReference; lastKnownFileType = file.storyboard; name = Base; path = Base.lproj/Main.storyboard; sourceTree = "<group>"; };
		37E4ADFB2008CA1C005464DD /* Info.plist */ = {isa = PBXFileReference; lastKnownFileType = text.plist.xml; path = Info.plist; sourceTree = "<group>"; };
		37E4ADFC2008CA1C005464DD /* macOS_DFU_Example.entitlements */ = {isa = PBXFileReference; lastKnownFileType = text.plist.entitlements; path = macOS_DFU_Example.entitlements; sourceTree = "<group>"; };
		3B0557890E61EFF388A8734B /* iOSDFULibrary.podspec */ = {isa = PBXFileReference; includeInIndex = 1; lastKnownFileType = text; name = iOSDFULibrary.podspec; path = ../iOSDFULibrary.podspec; sourceTree = "<group>"; };
		3D0CB27D92FDC7A734D97789 /* Pods_iOSDFULibrary_Example.framework */ = {isa = PBXFileReference; explicitFileType = wrapper.framework; includeInIndex = 0; path = Pods_iOSDFULibrary_Example.framework; sourceTree = BUILT_PRODUCTS_DIR; };
		5223723E2029C40F00068EE4 /* DFUViewController.swift */ = {isa = PBXFileReference; fileEncoding = 4; lastKnownFileType = sourcecode.swift; path = DFUViewController.swift; sourceTree = "<group>"; };
		522372432029CCDE00068EE4 /* DFUTestSet.swift */ = {isa = PBXFileReference; lastKnownFileType = sourcecode.swift; path = DFUTestSet.swift; sourceTree = "<group>"; };
		522372452029CFFD00068EE4 /* nRF51TestSet.swift */ = {isa = PBXFileReference; lastKnownFileType = sourcecode.swift; path = nRF51TestSet.swift; sourceTree = "<group>"; };
		5223724B2029D3FC00068EE4 /* nRF52832TestSet.swift */ = {isa = PBXFileReference; lastKnownFileType = sourcecode.swift; path = nRF52832TestSet.swift; sourceTree = "<group>"; };
		5223724D202B0B0C00068EE4 /* DFUFirmwareProvider.swift */ = {isa = PBXFileReference; lastKnownFileType = sourcecode.swift; path = DFUFirmwareProvider.swift; sourceTree = "<group>"; };
		5223724F202B117700068EE4 /* CustomTestSet.swift */ = {isa = PBXFileReference; lastKnownFileType = sourcecode.swift; path = CustomTestSet.swift; sourceTree = "<group>"; };
		5223729A202B275F00068EE4 /* Firmwares */ = {isa = PBXFileReference; lastKnownFileType = folder; path = Firmwares; sourceTree = "<group>"; };
		5223729C2036DDFC00068EE4 /* nRF52840TestSet.swift */ = {isa = PBXFileReference; lastKnownFileType = sourcecode.swift; path = nRF52840TestSet.swift; sourceTree = "<group>"; };
		5BD6C71870F01CBE222B5F31 /* Pods-iOSDFULibrary_Tests.debug.xcconfig */ = {isa = PBXFileReference; includeInIndex = 1; lastKnownFileType = text.xcconfig; name = "Pods-iOSDFULibrary_Tests.debug.xcconfig"; path = "Pods/Target Support Files/Pods-iOSDFULibrary_Tests/Pods-iOSDFULibrary_Tests.debug.xcconfig"; sourceTree = "<group>"; };
		607FACD01AFB9204008FA782 /* DFU Example.app */ = {isa = PBXFileReference; explicitFileType = wrapper.application; includeInIndex = 0; path = "DFU Example.app"; sourceTree = BUILT_PRODUCTS_DIR; };
		607FACD41AFB9204008FA782 /* Info.plist */ = {isa = PBXFileReference; lastKnownFileType = text.plist.xml; path = Info.plist; sourceTree = "<group>"; };
		607FACD51AFB9204008FA782 /* AppDelegate.swift */ = {isa = PBXFileReference; lastKnownFileType = sourcecode.swift; path = AppDelegate.swift; sourceTree = "<group>"; };
		607FACD71AFB9204008FA782 /* ScannerViewController.swift */ = {isa = PBXFileReference; lastKnownFileType = sourcecode.swift; path = ScannerViewController.swift; sourceTree = "<group>"; };
		607FACDA1AFB9204008FA782 /* Base */ = {isa = PBXFileReference; lastKnownFileType = file.storyboard; name = Base; path = Base.lproj/Main.storyboard; sourceTree = "<group>"; };
		607FACDC1AFB9204008FA782 /* Images.xcassets */ = {isa = PBXFileReference; lastKnownFileType = folder.assetcatalog; path = Images.xcassets; sourceTree = "<group>"; };
		607FACDF1AFB9204008FA782 /* Base */ = {isa = PBXFileReference; lastKnownFileType = file.xib; name = Base; path = Base.lproj/LaunchScreen.xib; sourceTree = "<group>"; };
		607FACE51AFB9204008FA782 /* iOSDFULibrary_Tests.xctest */ = {isa = PBXFileReference; explicitFileType = wrapper.cfbundle; includeInIndex = 0; path = iOSDFULibrary_Tests.xctest; sourceTree = BUILT_PRODUCTS_DIR; };
		607FACEA1AFB9204008FA782 /* Info.plist */ = {isa = PBXFileReference; lastKnownFileType = text.plist.xml; path = Info.plist; sourceTree = "<group>"; };
		607FACEB1AFB9204008FA782 /* Tests.swift */ = {isa = PBXFileReference; lastKnownFileType = sourcecode.swift; path = Tests.swift; sourceTree = "<group>"; };
		716A8CBE638EA28D9E0A8836 /* Pods_iOSDFULibrary_Tests.framework */ = {isa = PBXFileReference; explicitFileType = wrapper.framework; includeInIndex = 0; path = Pods_iOSDFULibrary_Tests.framework; sourceTree = BUILT_PRODUCTS_DIR; };
		8EE39CA79039E8FFBDA0C9D3 /* README.md */ = {isa = PBXFileReference; includeInIndex = 1; lastKnownFileType = net.daringfireball.markdown; name = README.md; path = ../README.md; sourceTree = "<group>"; };
		8FFA535CFB1FF336A00DC05D /* Pods-macOSDFULibrary_Example.debug.xcconfig */ = {isa = PBXFileReference; includeInIndex = 1; lastKnownFileType = text.xcconfig; name = "Pods-macOSDFULibrary_Example.debug.xcconfig"; path = "Pods/Target Support Files/Pods-macOSDFULibrary_Example/Pods-macOSDFULibrary_Example.debug.xcconfig"; sourceTree = "<group>"; };
		915396A2AFB2BD337114D646 /* Pods-iOSDFULibrary_Tests.release.xcconfig */ = {isa = PBXFileReference; includeInIndex = 1; lastKnownFileType = text.xcconfig; name = "Pods-iOSDFULibrary_Tests.release.xcconfig"; path = "Pods/Target Support Files/Pods-iOSDFULibrary_Tests/Pods-iOSDFULibrary_Tests.release.xcconfig"; sourceTree = "<group>"; };
		96F200D6537B32ECCDEE0605 /* Pods-macOSDFULibrary_Example.release.xcconfig */ = {isa = PBXFileReference; includeInIndex = 1; lastKnownFileType = text.xcconfig; name = "Pods-macOSDFULibrary_Example.release.xcconfig"; path = "Pods/Target Support Files/Pods-macOSDFULibrary_Example/Pods-macOSDFULibrary_Example.release.xcconfig"; sourceTree = "<group>"; };
		A62F6D0834AE3FCF8B8F178C /* Pods-iOSDFULibrary_Example.release.xcconfig */ = {isa = PBXFileReference; includeInIndex = 1; lastKnownFileType = text.xcconfig; name = "Pods-iOSDFULibrary_Example.release.xcconfig"; path = "Pods/Target Support Files/Pods-iOSDFULibrary_Example/Pods-iOSDFULibrary_Example.release.xcconfig"; sourceTree = "<group>"; };
		DAEFE092DC94AFC6C8316559 /* LICENSE */ = {isa = PBXFileReference; includeInIndex = 1; lastKnownFileType = text; name = LICENSE; path = ../LICENSE; sourceTree = "<group>"; };
		ED399E1B36FF8615AC574C30 /* Pods_macOSDFULibrary_Example.framework */ = {isa = PBXFileReference; explicitFileType = wrapper.framework; includeInIndex = 0; path = Pods_macOSDFULibrary_Example.framework; sourceTree = BUILT_PRODUCTS_DIR; };
/* End PBXFileReference section */

/* Begin PBXFrameworksBuildPhase section */
		37E4ADED2008CA1C005464DD /* Frameworks */ = {
			isa = PBXFrameworksBuildPhase;
			buildActionMask = 2147483647;
			files = (
				56F53BEE6CB888BD46537F0A /* Pods_macOSDFULibrary_Example.framework in Frameworks */,
			);
			runOnlyForDeploymentPostprocessing = 0;
		};
		607FACCD1AFB9204008FA782 /* Frameworks */ = {
			isa = PBXFrameworksBuildPhase;
			buildActionMask = 2147483647;
			files = (
				7EF5A5E71EC4881ADD87C90D /* Pods_iOSDFULibrary_Example.framework in Frameworks */,
			);
			runOnlyForDeploymentPostprocessing = 0;
		};
		607FACE21AFB9204008FA782 /* Frameworks */ = {
			isa = PBXFrameworksBuildPhase;
			buildActionMask = 2147483647;
			files = (
				47BB46278FACC65A12C2F6D8 /* Pods_iOSDFULibrary_Tests.framework in Frameworks */,
			);
			runOnlyForDeploymentPostprocessing = 0;
		};
/* End PBXFrameworksBuildPhase section */

/* Begin PBXGroup section */
		37E4ADF12008CA1C005464DD /* macOS-DFU-Example */ = {
			isa = PBXGroup;
			children = (
				37E4ADF22008CA1C005464DD /* AppDelegate.swift */,
				37E4ADF42008CA1C005464DD /* ViewController.swift */,
				37E4ADF62008CA1C005464DD /* Assets.xcassets */,
				37E4ADF82008CA1C005464DD /* Main.storyboard */,
				37E4ADFB2008CA1C005464DD /* Info.plist */,
				37E4ADFC2008CA1C005464DD /* macOS_DFU_Example.entitlements */,
			);
			path = "macOS-DFU-Example";
			sourceTree = "<group>";
		};
		522372402029CC5900068EE4 /* View Controllers */ = {
			isa = PBXGroup;
			children = (
				5223723E2029C40F00068EE4 /* DFUViewController.swift */,
				607FACD71AFB9204008FA782 /* ScannerViewController.swift */,
			);
			path = "View Controllers";
			sourceTree = "<group>";
		};
		522372412029CC6C00068EE4 /* UI */ = {
			isa = PBXGroup;
			children = (
				607FACD91AFB9204008FA782 /* Main.storyboard */,
				607FACDE1AFB9204008FA782 /* LaunchScreen.xib */,
			);
			path = UI;
			sourceTree = "<group>";
		};
		522372422029CCAB00068EE4 /* DFU Test Performer */ = {
			isa = PBXGroup;
			children = (
				522372432029CCDE00068EE4 /* DFUTestSet.swift */,
				522372452029CFFD00068EE4 /* nRF51TestSet.swift */,
				5223724B2029D3FC00068EE4 /* nRF52832TestSet.swift */,
				5223729C2036DDFC00068EE4 /* nRF52840TestSet.swift */,
				5223724F202B117700068EE4 /* CustomTestSet.swift */,
				5223724D202B0B0C00068EE4 /* DFUFirmwareProvider.swift */,
			);
			path = "DFU Test Performer";
			sourceTree = "<group>";
		};
		607FACC71AFB9204008FA782 = {
			isa = PBXGroup;
			children = (
				607FACF51AFB993E008FA782 /* Podspec Metadata */,
				607FACD21AFB9204008FA782 /* Example for iOSDFULibrary */,
				607FACE81AFB9204008FA782 /* Tests */,
				37E4ADF12008CA1C005464DD /* macOS-DFU-Example */,
				607FACD11AFB9204008FA782 /* Products */,
				7F370BF9C548B9A96FE6A1BC /* Pods */,
				E9400871BC1BB5561B7B1A5E /* Frameworks */,
			);
			sourceTree = "<group>";
		};
		607FACD11AFB9204008FA782 /* Products */ = {
			isa = PBXGroup;
			children = (
				607FACD01AFB9204008FA782 /* DFU Example.app */,
				607FACE51AFB9204008FA782 /* iOSDFULibrary_Tests.xctest */,
				37E4ADF02008CA1C005464DD /* macOSDFULibrary_Example.app */,
			);
			name = Products;
			sourceTree = "<group>";
		};
		607FACD21AFB9204008FA782 /* Example for iOSDFULibrary */ = {
			isa = PBXGroup;
			children = (
				607FACD51AFB9204008FA782 /* AppDelegate.swift */,
				607FACDC1AFB9204008FA782 /* Images.xcassets */,
				522372422029CCAB00068EE4 /* DFU Test Performer */,
				522372402029CC5900068EE4 /* View Controllers */,
				5223729A202B275F00068EE4 /* Firmwares */,
				522372412029CC6C00068EE4 /* UI */,
				607FACD31AFB9204008FA782 /* Supporting Files */,
			);
			name = "Example for iOSDFULibrary";
			path = iOSDFULibrary;
			sourceTree = "<group>";
		};
		607FACD31AFB9204008FA782 /* Supporting Files */ = {
			isa = PBXGroup;
			children = (
				607FACD41AFB9204008FA782 /* Info.plist */,
			);
			name = "Supporting Files";
			sourceTree = "<group>";
		};
		607FACE81AFB9204008FA782 /* Tests */ = {
			isa = PBXGroup;
			children = (
				607FACEB1AFB9204008FA782 /* Tests.swift */,
				607FACE91AFB9204008FA782 /* Supporting Files */,
			);
			path = Tests;
			sourceTree = "<group>";
		};
		607FACE91AFB9204008FA782 /* Supporting Files */ = {
			isa = PBXGroup;
			children = (
				607FACEA1AFB9204008FA782 /* Info.plist */,
			);
			name = "Supporting Files";
			sourceTree = "<group>";
		};
		607FACF51AFB993E008FA782 /* Podspec Metadata */ = {
			isa = PBXGroup;
			children = (
				3B0557890E61EFF388A8734B /* iOSDFULibrary.podspec */,
				8EE39CA79039E8FFBDA0C9D3 /* README.md */,
				DAEFE092DC94AFC6C8316559 /* LICENSE */,
			);
			name = "Podspec Metadata";
			sourceTree = "<group>";
		};
		7F370BF9C548B9A96FE6A1BC /* Pods */ = {
			isa = PBXGroup;
			children = (
				253475831CD3B6CD97F7DFB9 /* Pods-iOSDFULibrary_Example.debug.xcconfig */,
				A62F6D0834AE3FCF8B8F178C /* Pods-iOSDFULibrary_Example.release.xcconfig */,
				5BD6C71870F01CBE222B5F31 /* Pods-iOSDFULibrary_Tests.debug.xcconfig */,
				915396A2AFB2BD337114D646 /* Pods-iOSDFULibrary_Tests.release.xcconfig */,
				8FFA535CFB1FF336A00DC05D /* Pods-macOSDFULibrary_Example.debug.xcconfig */,
				96F200D6537B32ECCDEE0605 /* Pods-macOSDFULibrary_Example.release.xcconfig */,
			);
			name = Pods;
			sourceTree = "<group>";
		};
		E9400871BC1BB5561B7B1A5E /* Frameworks */ = {
			isa = PBXGroup;
			children = (
				3D0CB27D92FDC7A734D97789 /* Pods_iOSDFULibrary_Example.framework */,
				716A8CBE638EA28D9E0A8836 /* Pods_iOSDFULibrary_Tests.framework */,
				ED399E1B36FF8615AC574C30 /* Pods_macOSDFULibrary_Example.framework */,
			);
			name = Frameworks;
			sourceTree = "<group>";
		};
/* End PBXGroup section */

/* Begin PBXNativeTarget section */
		37E4ADEF2008CA1C005464DD /* macOSDFULibrary_Example */ = {
			isa = PBXNativeTarget;
			buildConfigurationList = 37E4ADFF2008CA1C005464DD /* Build configuration list for PBXNativeTarget "macOSDFULibrary_Example" */;
			buildPhases = (
				8B01200FDCA1DDB469BD6B56 /* [CP] Check Pods Manifest.lock */,
				37E4ADEC2008CA1C005464DD /* Sources */,
				37E4ADED2008CA1C005464DD /* Frameworks */,
				37E4ADEE2008CA1C005464DD /* Resources */,
				C2117B5ADF3004A94C7E5900 /* [CP] Embed Pods Frameworks */,
				97CA591FF7F717C1EA74518C /* [CP] Copy Pods Resources */,
			);
			buildRules = (
			);
			dependencies = (
			);
			name = macOSDFULibrary_Example;
			productName = "macOS-DFU-Example";
			productReference = 37E4ADF02008CA1C005464DD /* macOSDFULibrary_Example.app */;
			productType = "com.apple.product-type.application";
		};
		607FACCF1AFB9204008FA782 /* iOSDFULibrary_Example */ = {
			isa = PBXNativeTarget;
			buildConfigurationList = 607FACEF1AFB9204008FA782 /* Build configuration list for PBXNativeTarget "iOSDFULibrary_Example" */;
			buildPhases = (
				6CD96D9272CAE8668D3CFE3E /* [CP] Check Pods Manifest.lock */,
				607FACCC1AFB9204008FA782 /* Sources */,
				607FACCD1AFB9204008FA782 /* Frameworks */,
				607FACCE1AFB9204008FA782 /* Resources */,
				8CC9A5FC22615A4B5C894693 /* [CP] Embed Pods Frameworks */,
				0364318946015A092A6047D2 /* [CP] Copy Pods Resources */,
			);
			buildRules = (
			);
			dependencies = (
			);
			name = iOSDFULibrary_Example;
			productName = iOSDFULibrary;
			productReference = 607FACD01AFB9204008FA782 /* DFU Example.app */;
			productType = "com.apple.product-type.application";
		};
		607FACE41AFB9204008FA782 /* iOSDFULibrary_Tests */ = {
			isa = PBXNativeTarget;
			buildConfigurationList = 607FACF21AFB9204008FA782 /* Build configuration list for PBXNativeTarget "iOSDFULibrary_Tests" */;
			buildPhases = (
				786D98E25CF323742693B9E2 /* [CP] Check Pods Manifest.lock */,
				607FACE11AFB9204008FA782 /* Sources */,
				607FACE21AFB9204008FA782 /* Frameworks */,
				607FACE31AFB9204008FA782 /* Resources */,
				25FE51633CD9631C5141DAA6 /* [CP] Embed Pods Frameworks */,
				189C618E4AD3BD6F26D31C09 /* [CP] Copy Pods Resources */,
			);
			buildRules = (
			);
			dependencies = (
				607FACE71AFB9204008FA782 /* PBXTargetDependency */,
			);
			name = iOSDFULibrary_Tests;
			productName = Tests;
			productReference = 607FACE51AFB9204008FA782 /* iOSDFULibrary_Tests.xctest */;
			productType = "com.apple.product-type.bundle.unit-test";
		};
/* End PBXNativeTarget section */

/* Begin PBXProject section */
		607FACC81AFB9204008FA782 /* Project object */ = {
			isa = PBXProject;
			attributes = {
				LastSwiftUpdateCheck = 0920;
				LastUpgradeCheck = 0900;
				ORGANIZATIONNAME = CocoaPods;
				TargetAttributes = {
					37E4ADEF2008CA1C005464DD = {
						CreatedOnToolsVersion = 9.2;
						ProvisioningStyle = Automatic;
					};
					607FACCF1AFB9204008FA782 = {
						CreatedOnToolsVersion = 6.3.1;
						DevelopmentTeam = P3R8YQEV4L;
						LastSwiftMigration = 0900;
						SystemCapabilities = {
							com.apple.BackgroundModes = {
								enabled = 1;
							};
						};
					};
					607FACE41AFB9204008FA782 = {
						CreatedOnToolsVersion = 6.3.1;
						DevelopmentTeam = P3R8YQEV4L;
						LastSwiftMigration = 0900;
						TestTargetID = 607FACCF1AFB9204008FA782;
					};
				};
			};
			buildConfigurationList = 607FACCB1AFB9204008FA782 /* Build configuration list for PBXProject "iOSDFULibrary" */;
			compatibilityVersion = "Xcode 3.2";
			developmentRegion = English;
			hasScannedForEncodings = 0;
			knownRegions = (
				en,
				Base,
			);
			mainGroup = 607FACC71AFB9204008FA782;
			productRefGroup = 607FACD11AFB9204008FA782 /* Products */;
			projectDirPath = "";
			projectRoot = "";
			targets = (
				607FACCF1AFB9204008FA782 /* iOSDFULibrary_Example */,
				607FACE41AFB9204008FA782 /* iOSDFULibrary_Tests */,
				37E4ADEF2008CA1C005464DD /* macOSDFULibrary_Example */,
			);
		};
/* End PBXProject section */

/* Begin PBXResourcesBuildPhase section */
		37E4ADEE2008CA1C005464DD /* Resources */ = {
			isa = PBXResourcesBuildPhase;
			buildActionMask = 2147483647;
			files = (
				37E4ADF72008CA1C005464DD /* Assets.xcassets in Resources */,
				37E4ADFA2008CA1C005464DD /* Main.storyboard in Resources */,
			);
			runOnlyForDeploymentPostprocessing = 0;
		};
		607FACCE1AFB9204008FA782 /* Resources */ = {
			isa = PBXResourcesBuildPhase;
			buildActionMask = 2147483647;
			files = (
				607FACDB1AFB9204008FA782 /* Main.storyboard in Resources */,
				5223729B202B275F00068EE4 /* Firmwares in Resources */,
				607FACE01AFB9204008FA782 /* LaunchScreen.xib in Resources */,
				607FACDD1AFB9204008FA782 /* Images.xcassets in Resources */,
			);
			runOnlyForDeploymentPostprocessing = 0;
		};
		607FACE31AFB9204008FA782 /* Resources */ = {
			isa = PBXResourcesBuildPhase;
			buildActionMask = 2147483647;
			files = (
			);
			runOnlyForDeploymentPostprocessing = 0;
		};
/* End PBXResourcesBuildPhase section */

/* Begin PBXShellScriptBuildPhase section */
		0364318946015A092A6047D2 /* [CP] Copy Pods Resources */ = {
			isa = PBXShellScriptBuildPhase;
			buildActionMask = 2147483647;
			files = (
			);
			inputPaths = (
			);
			name = "[CP] Copy Pods Resources";
			outputPaths = (
			);
			runOnlyForDeploymentPostprocessing = 0;
			shellPath = /bin/sh;
			shellScript = "\"${SRCROOT}/Pods/Target Support Files/Pods-iOSDFULibrary_Example/Pods-iOSDFULibrary_Example-resources.sh\"\n";
			showEnvVarsInLog = 0;
		};
		189C618E4AD3BD6F26D31C09 /* [CP] Copy Pods Resources */ = {
			isa = PBXShellScriptBuildPhase;
			buildActionMask = 2147483647;
			files = (
			);
			inputPaths = (
			);
			name = "[CP] Copy Pods Resources";
			outputPaths = (
			);
			runOnlyForDeploymentPostprocessing = 0;
			shellPath = /bin/sh;
			shellScript = "\"${SRCROOT}/Pods/Target Support Files/Pods-iOSDFULibrary_Tests/Pods-iOSDFULibrary_Tests-resources.sh\"\n";
			showEnvVarsInLog = 0;
		};
		25FE51633CD9631C5141DAA6 /* [CP] Embed Pods Frameworks */ = {
			isa = PBXShellScriptBuildPhase;
			buildActionMask = 2147483647;
			files = (
			);
			inputPaths = (
				"${SRCROOT}/Pods/Target Support Files/Pods-iOSDFULibrary_Tests/Pods-iOSDFULibrary_Tests-frameworks.sh",
				"${BUILT_PRODUCTS_DIR}/Zip-iOS/Zip.framework",
				"${BUILT_PRODUCTS_DIR}/iOSDFULibrary-iOS/iOSDFULibrary.framework",
			);
			name = "[CP] Embed Pods Frameworks";
			outputPaths = (
				"${TARGET_BUILD_DIR}/${FRAMEWORKS_FOLDER_PATH}/Zip.framework",
				"${TARGET_BUILD_DIR}/${FRAMEWORKS_FOLDER_PATH}/iOSDFULibrary.framework",
			);
			runOnlyForDeploymentPostprocessing = 0;
			shellPath = /bin/sh;
			shellScript = "\"${SRCROOT}/Pods/Target Support Files/Pods-iOSDFULibrary_Tests/Pods-iOSDFULibrary_Tests-frameworks.sh\"\n";
			showEnvVarsInLog = 0;
		};
		6CD96D9272CAE8668D3CFE3E /* [CP] Check Pods Manifest.lock */ = {
			isa = PBXShellScriptBuildPhase;
			buildActionMask = 2147483647;
			files = (
			);
			inputPaths = (
				"${PODS_PODFILE_DIR_PATH}/Podfile.lock",
				"${PODS_ROOT}/Manifest.lock",
			);
			name = "[CP] Check Pods Manifest.lock";
			outputPaths = (
				"$(DERIVED_FILE_DIR)/Pods-iOSDFULibrary_Example-checkManifestLockResult.txt",
			);
			runOnlyForDeploymentPostprocessing = 0;
			shellPath = /bin/sh;
			shellScript = "diff \"${PODS_PODFILE_DIR_PATH}/Podfile.lock\" \"${PODS_ROOT}/Manifest.lock\" > /dev/null\nif [ $? != 0 ] ; then\n    # print error to STDERR\n    echo \"error: The sandbox is not in sync with the Podfile.lock. Run 'pod install' or update your CocoaPods installation.\" >&2\n    exit 1\nfi\n# This output is used by Xcode 'outputs' to avoid re-running this script phase.\necho \"SUCCESS\" > \"${SCRIPT_OUTPUT_FILE_0}\"\n";
			showEnvVarsInLog = 0;
		};
		786D98E25CF323742693B9E2 /* [CP] Check Pods Manifest.lock */ = {
			isa = PBXShellScriptBuildPhase;
			buildActionMask = 2147483647;
			files = (
			);
			inputPaths = (
				"${PODS_PODFILE_DIR_PATH}/Podfile.lock",
				"${PODS_ROOT}/Manifest.lock",
			);
			name = "[CP] Check Pods Manifest.lock";
			outputPaths = (
				"$(DERIVED_FILE_DIR)/Pods-iOSDFULibrary_Tests-checkManifestLockResult.txt",
			);
			runOnlyForDeploymentPostprocessing = 0;
			shellPath = /bin/sh;
			shellScript = "diff \"${PODS_PODFILE_DIR_PATH}/Podfile.lock\" \"${PODS_ROOT}/Manifest.lock\" > /dev/null\nif [ $? != 0 ] ; then\n    # print error to STDERR\n    echo \"error: The sandbox is not in sync with the Podfile.lock. Run 'pod install' or update your CocoaPods installation.\" >&2\n    exit 1\nfi\n# This output is used by Xcode 'outputs' to avoid re-running this script phase.\necho \"SUCCESS\" > \"${SCRIPT_OUTPUT_FILE_0}\"\n";
			showEnvVarsInLog = 0;
		};
		8B01200FDCA1DDB469BD6B56 /* [CP] Check Pods Manifest.lock */ = {
			isa = PBXShellScriptBuildPhase;
			buildActionMask = 2147483647;
			files = (
			);
			inputPaths = (
				"${PODS_PODFILE_DIR_PATH}/Podfile.lock",
				"${PODS_ROOT}/Manifest.lock",
			);
			name = "[CP] Check Pods Manifest.lock";
			outputPaths = (
				"$(DERIVED_FILE_DIR)/Pods-macOSDFULibrary_Example-checkManifestLockResult.txt",
			);
			runOnlyForDeploymentPostprocessing = 0;
			shellPath = /bin/sh;
			shellScript = "diff \"${PODS_PODFILE_DIR_PATH}/Podfile.lock\" \"${PODS_ROOT}/Manifest.lock\" > /dev/null\nif [ $? != 0 ] ; then\n    # print error to STDERR\n    echo \"error: The sandbox is not in sync with the Podfile.lock. Run 'pod install' or update your CocoaPods installation.\" >&2\n    exit 1\nfi\n# This output is used by Xcode 'outputs' to avoid re-running this script phase.\necho \"SUCCESS\" > \"${SCRIPT_OUTPUT_FILE_0}\"\n";
			showEnvVarsInLog = 0;
		};
		8CC9A5FC22615A4B5C894693 /* [CP] Embed Pods Frameworks */ = {
			isa = PBXShellScriptBuildPhase;
			buildActionMask = 2147483647;
			files = (
			);
			inputPaths = (
				"${SRCROOT}/Pods/Target Support Files/Pods-iOSDFULibrary_Example/Pods-iOSDFULibrary_Example-frameworks.sh",
				"${BUILT_PRODUCTS_DIR}/Zip-iOS/Zip.framework",
				"${BUILT_PRODUCTS_DIR}/iOSDFULibrary-iOS/iOSDFULibrary.framework",
			);
			name = "[CP] Embed Pods Frameworks";
			outputPaths = (
				"${TARGET_BUILD_DIR}/${FRAMEWORKS_FOLDER_PATH}/Zip.framework",
				"${TARGET_BUILD_DIR}/${FRAMEWORKS_FOLDER_PATH}/iOSDFULibrary.framework",
			);
			runOnlyForDeploymentPostprocessing = 0;
			shellPath = /bin/sh;
			shellScript = "\"${SRCROOT}/Pods/Target Support Files/Pods-iOSDFULibrary_Example/Pods-iOSDFULibrary_Example-frameworks.sh\"\n";
			showEnvVarsInLog = 0;
		};
		97CA591FF7F717C1EA74518C /* [CP] Copy Pods Resources */ = {
			isa = PBXShellScriptBuildPhase;
			buildActionMask = 2147483647;
			files = (
			);
			inputPaths = (
			);
			name = "[CP] Copy Pods Resources";
			outputPaths = (
			);
			runOnlyForDeploymentPostprocessing = 0;
			shellPath = /bin/sh;
			shellScript = "\"${SRCROOT}/Pods/Target Support Files/Pods-macOSDFULibrary_Example/Pods-macOSDFULibrary_Example-resources.sh\"\n";
			showEnvVarsInLog = 0;
		};
		C2117B5ADF3004A94C7E5900 /* [CP] Embed Pods Frameworks */ = {
			isa = PBXShellScriptBuildPhase;
			buildActionMask = 2147483647;
			files = (
			);
			inputPaths = (
				"${SRCROOT}/Pods/Target Support Files/Pods-macOSDFULibrary_Example/Pods-macOSDFULibrary_Example-frameworks.sh",
				"${BUILT_PRODUCTS_DIR}/Zip-macOS/Zip.framework",
				"${BUILT_PRODUCTS_DIR}/iOSDFULibrary-macOS/iOSDFULibrary.framework",
			);
			name = "[CP] Embed Pods Frameworks";
			outputPaths = (
				"${TARGET_BUILD_DIR}/${FRAMEWORKS_FOLDER_PATH}/Zip.framework",
				"${TARGET_BUILD_DIR}/${FRAMEWORKS_FOLDER_PATH}/iOSDFULibrary.framework",
			);
			runOnlyForDeploymentPostprocessing = 0;
			shellPath = /bin/sh;
			shellScript = "\"${SRCROOT}/Pods/Target Support Files/Pods-macOSDFULibrary_Example/Pods-macOSDFULibrary_Example-frameworks.sh\"\n";
			showEnvVarsInLog = 0;
		};
/* End PBXShellScriptBuildPhase section */

/* Begin PBXSourcesBuildPhase section */
		37E4ADEC2008CA1C005464DD /* Sources */ = {
			isa = PBXSourcesBuildPhase;
			buildActionMask = 2147483647;
			files = (
				37E4ADF52008CA1C005464DD /* ViewController.swift in Sources */,
				37E4ADF32008CA1C005464DD /* AppDelegate.swift in Sources */,
			);
			runOnlyForDeploymentPostprocessing = 0;
		};
		607FACCC1AFB9204008FA782 /* Sources */ = {
			isa = PBXSourcesBuildPhase;
			buildActionMask = 2147483647;
			files = (
				607FACD81AFB9204008FA782 /* ScannerViewController.swift in Sources */,
				5223723F2029C40F00068EE4 /* DFUViewController.swift in Sources */,
				5223724C2029D3FC00068EE4 /* nRF52832TestSet.swift in Sources */,
				5223724E202B0B0C00068EE4 /* DFUFirmwareProvider.swift in Sources */,
				522372462029CFFD00068EE4 /* nRF51TestSet.swift in Sources */,
				52237250202B117700068EE4 /* CustomTestSet.swift in Sources */,
				522372442029CCDE00068EE4 /* DFUTestSet.swift in Sources */,
				5223729D2036DDFC00068EE4 /* nRF52840TestSet.swift in Sources */,
				607FACD61AFB9204008FA782 /* AppDelegate.swift in Sources */,
			);
			runOnlyForDeploymentPostprocessing = 0;
		};
		607FACE11AFB9204008FA782 /* Sources */ = {
			isa = PBXSourcesBuildPhase;
			buildActionMask = 2147483647;
			files = (
				607FACEC1AFB9204008FA782 /* Tests.swift in Sources */,
			);
			runOnlyForDeploymentPostprocessing = 0;
		};
/* End PBXSourcesBuildPhase section */

/* Begin PBXTargetDependency section */
		607FACE71AFB9204008FA782 /* PBXTargetDependency */ = {
			isa = PBXTargetDependency;
			target = 607FACCF1AFB9204008FA782 /* iOSDFULibrary_Example */;
			targetProxy = 607FACE61AFB9204008FA782 /* PBXContainerItemProxy */;
		};
/* End PBXTargetDependency section */

/* Begin PBXVariantGroup section */
		37E4ADF82008CA1C005464DD /* Main.storyboard */ = {
			isa = PBXVariantGroup;
			children = (
				37E4ADF92008CA1C005464DD /* Base */,
			);
			name = Main.storyboard;
			sourceTree = "<group>";
		};
		607FACD91AFB9204008FA782 /* Main.storyboard */ = {
			isa = PBXVariantGroup;
			children = (
				607FACDA1AFB9204008FA782 /* Base */,
			);
			name = Main.storyboard;
			sourceTree = "<group>";
		};
		607FACDE1AFB9204008FA782 /* LaunchScreen.xib */ = {
			isa = PBXVariantGroup;
			children = (
				607FACDF1AFB9204008FA782 /* Base */,
			);
			name = LaunchScreen.xib;
			sourceTree = "<group>";
		};
/* End PBXVariantGroup section */

/* Begin XCBuildConfiguration section */
		37E4ADFD2008CA1C005464DD /* Debug */ = {
			isa = XCBuildConfiguration;
			baseConfigurationReference = 8FFA535CFB1FF336A00DC05D /* Pods-macOSDFULibrary_Example.debug.xcconfig */;
			buildSettings = {
				ASSETCATALOG_COMPILER_APPICON_NAME = AppIcon;
				CLANG_ANALYZER_NONNULL = YES;
				CLANG_ANALYZER_NUMBER_OBJECT_CONVERSION = YES_AGGRESSIVE;
				CLANG_CXX_LANGUAGE_STANDARD = "gnu++14";
				CLANG_WARN_DOCUMENTATION_COMMENTS = YES;
				CLANG_WARN_UNGUARDED_AVAILABILITY = YES_AGGRESSIVE;
				CODE_SIGN_ENTITLEMENTS = "macOS-DFU-Example/macOS_DFU_Example.entitlements";
				CODE_SIGN_IDENTITY = "-";
				CODE_SIGN_STYLE = Automatic;
				COMBINE_HIDPI_IMAGES = YES;
				DEBUG_INFORMATION_FORMAT = dwarf;
				GCC_C_LANGUAGE_STANDARD = gnu11;
				INFOPLIST_FILE = "macOS-DFU-Example/Info.plist";
				LD_RUNPATH_SEARCH_PATHS = "$(inherited) @executable_path/../Frameworks";
				MACOSX_DEPLOYMENT_TARGET = 10.13;
				PRODUCT_BUNDLE_IDENTIFIER = "org.cocoapods.demo.macOS-DFU-Example";
				PRODUCT_NAME = "$(TARGET_NAME)";
				SDKROOT = macosx;
				SWIFT_ACTIVE_COMPILATION_CONDITIONS = DEBUG;
				SWIFT_VERSION = 4.0;
			};
			name = Debug;
		};
		37E4ADFE2008CA1C005464DD /* Release */ = {
			isa = XCBuildConfiguration;
			baseConfigurationReference = 96F200D6537B32ECCDEE0605 /* Pods-macOSDFULibrary_Example.release.xcconfig */;
			buildSettings = {
				ASSETCATALOG_COMPILER_APPICON_NAME = AppIcon;
				CLANG_ANALYZER_NONNULL = YES;
				CLANG_ANALYZER_NUMBER_OBJECT_CONVERSION = YES_AGGRESSIVE;
				CLANG_CXX_LANGUAGE_STANDARD = "gnu++14";
				CLANG_WARN_DOCUMENTATION_COMMENTS = YES;
				CLANG_WARN_UNGUARDED_AVAILABILITY = YES_AGGRESSIVE;
				CODE_SIGN_ENTITLEMENTS = "macOS-DFU-Example/macOS_DFU_Example.entitlements";
				CODE_SIGN_IDENTITY = "-";
				CODE_SIGN_STYLE = Automatic;
				COMBINE_HIDPI_IMAGES = YES;
				GCC_C_LANGUAGE_STANDARD = gnu11;
				INFOPLIST_FILE = "macOS-DFU-Example/Info.plist";
				LD_RUNPATH_SEARCH_PATHS = "$(inherited) @executable_path/../Frameworks";
				MACOSX_DEPLOYMENT_TARGET = 10.13;
				PRODUCT_BUNDLE_IDENTIFIER = "org.cocoapods.demo.macOS-DFU-Example";
				PRODUCT_NAME = "$(TARGET_NAME)";
				SDKROOT = macosx;
				SWIFT_VERSION = 4.0;
			};
			name = Release;
		};
		607FACED1AFB9204008FA782 /* Debug */ = {
			isa = XCBuildConfiguration;
			buildSettings = {
				ALWAYS_EMBED_SWIFT_STANDARD_LIBRARIES = "$(inherited)";
				ALWAYS_SEARCH_USER_PATHS = NO;
				CLANG_CXX_LANGUAGE_STANDARD = "gnu++0x";
				CLANG_CXX_LIBRARY = "libc++";
				CLANG_ENABLE_MODULES = YES;
				CLANG_ENABLE_OBJC_ARC = YES;
				CLANG_WARN_BLOCK_CAPTURE_AUTORELEASING = YES;
				CLANG_WARN_BOOL_CONVERSION = YES;
				CLANG_WARN_COMMA = YES;
				CLANG_WARN_CONSTANT_CONVERSION = YES;
				CLANG_WARN_DIRECT_OBJC_ISA_USAGE = YES_ERROR;
				CLANG_WARN_EMPTY_BODY = YES;
				CLANG_WARN_ENUM_CONVERSION = YES;
				CLANG_WARN_INFINITE_RECURSION = YES;
				CLANG_WARN_INT_CONVERSION = YES;
				CLANG_WARN_NON_LITERAL_NULL_CONVERSION = YES;
				CLANG_WARN_OBJC_LITERAL_CONVERSION = YES;
				CLANG_WARN_OBJC_ROOT_CLASS = YES_ERROR;
				CLANG_WARN_RANGE_LOOP_ANALYSIS = YES;
				CLANG_WARN_STRICT_PROTOTYPES = YES;
				CLANG_WARN_SUSPICIOUS_MOVE = YES;
				CLANG_WARN_UNREACHABLE_CODE = YES;
				CLANG_WARN__DUPLICATE_METHOD_MATCH = YES;
				"CODE_SIGN_IDENTITY[sdk=iphoneos*]" = "iPhone Developer";
				COPY_PHASE_STRIP = NO;
				DEBUG_INFORMATION_FORMAT = "dwarf-with-dsym";
				ENABLE_STRICT_OBJC_MSGSEND = YES;
				ENABLE_TESTABILITY = YES;
				GCC_C_LANGUAGE_STANDARD = gnu99;
				GCC_DYNAMIC_NO_PIC = NO;
				GCC_NO_COMMON_BLOCKS = YES;
				GCC_OPTIMIZATION_LEVEL = 0;
				GCC_PREPROCESSOR_DEFINITIONS = (
					"DEBUG=1",
					"$(inherited)",
				);
				GCC_SYMBOLS_PRIVATE_EXTERN = NO;
				GCC_WARN_64_TO_32_BIT_CONVERSION = YES;
				GCC_WARN_ABOUT_RETURN_TYPE = YES_ERROR;
				GCC_WARN_UNDECLARED_SELECTOR = YES;
				GCC_WARN_UNINITIALIZED_AUTOS = YES_AGGRESSIVE;
				GCC_WARN_UNUSED_FUNCTION = YES;
				GCC_WARN_UNUSED_VARIABLE = YES;
				IPHONEOS_DEPLOYMENT_TARGET = 8.0;
				MTL_ENABLE_DEBUG_INFO = YES;
				ONLY_ACTIVE_ARCH = YES;
				SDKROOT = iphoneos;
				SWIFT_OPTIMIZATION_LEVEL = "-Onone";
				SWIFT_SWIFT3_OBJC_INFERENCE = Off;
				SWIFT_VERSION = 4.0;
			};
			name = Debug;
		};
		607FACEE1AFB9204008FA782 /* Release */ = {
			isa = XCBuildConfiguration;
			buildSettings = {
				ALWAYS_EMBED_SWIFT_STANDARD_LIBRARIES = "$(inherited)";
				ALWAYS_SEARCH_USER_PATHS = NO;
				CLANG_CXX_LANGUAGE_STANDARD = "gnu++0x";
				CLANG_CXX_LIBRARY = "libc++";
				CLANG_ENABLE_MODULES = YES;
				CLANG_ENABLE_OBJC_ARC = YES;
				CLANG_WARN_BLOCK_CAPTURE_AUTORELEASING = YES;
				CLANG_WARN_BOOL_CONVERSION = YES;
				CLANG_WARN_COMMA = YES;
				CLANG_WARN_CONSTANT_CONVERSION = YES;
				CLANG_WARN_DIRECT_OBJC_ISA_USAGE = YES_ERROR;
				CLANG_WARN_EMPTY_BODY = YES;
				CLANG_WARN_ENUM_CONVERSION = YES;
				CLANG_WARN_INFINITE_RECURSION = YES;
				CLANG_WARN_INT_CONVERSION = YES;
				CLANG_WARN_NON_LITERAL_NULL_CONVERSION = YES;
				CLANG_WARN_OBJC_LITERAL_CONVERSION = YES;
				CLANG_WARN_OBJC_ROOT_CLASS = YES_ERROR;
				CLANG_WARN_RANGE_LOOP_ANALYSIS = YES;
				CLANG_WARN_STRICT_PROTOTYPES = YES;
				CLANG_WARN_SUSPICIOUS_MOVE = YES;
				CLANG_WARN_UNREACHABLE_CODE = YES;
				CLANG_WARN__DUPLICATE_METHOD_MATCH = YES;
				"CODE_SIGN_IDENTITY[sdk=iphoneos*]" = "iPhone Developer";
				COPY_PHASE_STRIP = NO;
				DEBUG_INFORMATION_FORMAT = "dwarf-with-dsym";
				ENABLE_NS_ASSERTIONS = NO;
				ENABLE_STRICT_OBJC_MSGSEND = YES;
				GCC_C_LANGUAGE_STANDARD = gnu99;
				GCC_NO_COMMON_BLOCKS = YES;
				GCC_WARN_64_TO_32_BIT_CONVERSION = YES;
				GCC_WARN_ABOUT_RETURN_TYPE = YES_ERROR;
				GCC_WARN_UNDECLARED_SELECTOR = YES;
				GCC_WARN_UNINITIALIZED_AUTOS = YES_AGGRESSIVE;
				GCC_WARN_UNUSED_FUNCTION = YES;
				GCC_WARN_UNUSED_VARIABLE = YES;
				IPHONEOS_DEPLOYMENT_TARGET = 8.0;
				MTL_ENABLE_DEBUG_INFO = NO;
				SDKROOT = iphoneos;
				SWIFT_OPTIMIZATION_LEVEL = "-Owholemodule";
				SWIFT_SWIFT3_OBJC_INFERENCE = Off;
				SWIFT_VERSION = 4.0;
				VALIDATE_PRODUCT = YES;
			};
			name = Release;
		};
		607FACF01AFB9204008FA782 /* Debug */ = {
			isa = XCBuildConfiguration;
			baseConfigurationReference = 253475831CD3B6CD97F7DFB9 /* Pods-iOSDFULibrary_Example.debug.xcconfig */;
			buildSettings = {
				ALWAYS_EMBED_SWIFT_STANDARD_LIBRARIES = "$(inherited)";
				ASSETCATALOG_COMPILER_APPICON_NAME = AppIcon;
				CLANG_ALLOW_NON_MODULAR_INCLUDES_IN_FRAMEWORK_MODULES = NO;
				CODE_SIGN_IDENTITY = "iPhone Developer";
				DEVELOPMENT_TEAM = P3R8YQEV4L;
				INFOPLIST_FILE = iOSDFULibrary/Info.plist;
				IPHONEOS_DEPLOYMENT_TARGET = 8.0;
				LD_RUNPATH_SEARCH_PATHS = "$(inherited) @executable_path/Frameworks";
				MODULE_NAME = ExampleApp;
				PRODUCT_BUNDLE_IDENTIFIER = "org.cocoapods.demo.$(PRODUCT_NAME:rfc1034identifier)";
				PRODUCT_NAME = "DFU Example";
				SWIFT_INCLUDE_PATHS = "";
				SWIFT_SWIFT3_OBJC_INFERENCE = Off;
				SWIFT_VERSION = 4.0;
				TARGETED_DEVICE_FAMILY = "1,2";
			};
			name = Debug;
		};
		607FACF11AFB9204008FA782 /* Release */ = {
			isa = XCBuildConfiguration;
			baseConfigurationReference = A62F6D0834AE3FCF8B8F178C /* Pods-iOSDFULibrary_Example.release.xcconfig */;
			buildSettings = {
				ALWAYS_EMBED_SWIFT_STANDARD_LIBRARIES = "$(inherited)";
				ASSETCATALOG_COMPILER_APPICON_NAME = AppIcon;
				CLANG_ALLOW_NON_MODULAR_INCLUDES_IN_FRAMEWORK_MODULES = NO;
				CODE_SIGN_IDENTITY = "iPhone Developer";
				DEVELOPMENT_TEAM = P3R8YQEV4L;
				INFOPLIST_FILE = iOSDFULibrary/Info.plist;
				IPHONEOS_DEPLOYMENT_TARGET = 8.0;
				LD_RUNPATH_SEARCH_PATHS = "$(inherited) @executable_path/Frameworks";
				MODULE_NAME = ExampleApp;
				PRODUCT_BUNDLE_IDENTIFIER = "org.cocoapods.demo.$(PRODUCT_NAME:rfc1034identifier)";
				PRODUCT_NAME = "DFU Example";
				SWIFT_INCLUDE_PATHS = "";
				SWIFT_SWIFT3_OBJC_INFERENCE = Off;
				SWIFT_VERSION = 4.0;
				TARGETED_DEVICE_FAMILY = "1,2";
			};
			name = Release;
		};
		607FACF31AFB9204008FA782 /* Debug */ = {
			isa = XCBuildConfiguration;
			baseConfigurationReference = 5BD6C71870F01CBE222B5F31 /* Pods-iOSDFULibrary_Tests.debug.xcconfig */;
			buildSettings = {
				ALWAYS_EMBED_SWIFT_STANDARD_LIBRARIES = "$(inherited)";
				CODE_SIGN_IDENTITY = "iPhone Developer";
				DEVELOPMENT_TEAM = P3R8YQEV4L;
				FRAMEWORK_SEARCH_PATHS = (
					"$(SDKROOT)/System/Library/Frameworks",
					"$(inherited)",
				);
				GCC_PREPROCESSOR_DEFINITIONS = (
					"DEBUG=1",
					"$(inherited)",
				);
				INFOPLIST_FILE = Tests/Info.plist;
				LD_RUNPATH_SEARCH_PATHS = "$(inherited) @executable_path/Frameworks @loader_path/Frameworks";
				PRODUCT_BUNDLE_IDENTIFIER = "org.cocoapods.$(PRODUCT_NAME:rfc1034identifier)";
				PRODUCT_NAME = "$(TARGET_NAME)";
				SWIFT_SWIFT3_OBJC_INFERENCE = Off;
				SWIFT_VERSION = 4.0;
				TEST_HOST = "$(BUILT_PRODUCTS_DIR)/DFU Example.app/DFU Example";
			};
			name = Debug;
		};
		607FACF41AFB9204008FA782 /* Release */ = {
			isa = XCBuildConfiguration;
			baseConfigurationReference = 915396A2AFB2BD337114D646 /* Pods-iOSDFULibrary_Tests.release.xcconfig */;
			buildSettings = {
				ALWAYS_EMBED_SWIFT_STANDARD_LIBRARIES = "$(inherited)";
				CODE_SIGN_IDENTITY = "iPhone Developer";
				DEVELOPMENT_TEAM = P3R8YQEV4L;
				FRAMEWORK_SEARCH_PATHS = (
					"$(SDKROOT)/System/Library/Frameworks",
					"$(inherited)",
				);
				INFOPLIST_FILE = Tests/Info.plist;
				LD_RUNPATH_SEARCH_PATHS = "$(inherited) @executable_path/Frameworks @loader_path/Frameworks";
				PRODUCT_BUNDLE_IDENTIFIER = "org.cocoapods.$(PRODUCT_NAME:rfc1034identifier)";
				PRODUCT_NAME = "$(TARGET_NAME)";
				SWIFT_SWIFT3_OBJC_INFERENCE = Off;
				SWIFT_VERSION = 4.0;
				TEST_HOST = "$(BUILT_PRODUCTS_DIR)/DFU Example.app/DFU Example";
			};
			name = Release;
		};
/* End XCBuildConfiguration section */

/* Begin XCConfigurationList section */
		37E4ADFF2008CA1C005464DD /* Build configuration list for PBXNativeTarget "macOSDFULibrary_Example" */ = {
			isa = XCConfigurationList;
			buildConfigurations = (
				37E4ADFD2008CA1C005464DD /* Debug */,
				37E4ADFE2008CA1C005464DD /* Release */,
			);
			defaultConfigurationIsVisible = 0;
			defaultConfigurationName = Release;
		};
		607FACCB1AFB9204008FA782 /* Build configuration list for PBXProject "iOSDFULibrary" */ = {
			isa = XCConfigurationList;
			buildConfigurations = (
				607FACED1AFB9204008FA782 /* Debug */,
				607FACEE1AFB9204008FA782 /* Release */,
			);
			defaultConfigurationIsVisible = 0;
			defaultConfigurationName = Release;
		};
		607FACEF1AFB9204008FA782 /* Build configuration list for PBXNativeTarget "iOSDFULibrary_Example" */ = {
			isa = XCConfigurationList;
			buildConfigurations = (
				607FACF01AFB9204008FA782 /* Debug */,
				607FACF11AFB9204008FA782 /* Release */,
			);
			defaultConfigurationIsVisible = 0;
			defaultConfigurationName = Release;
		};
		607FACF21AFB9204008FA782 /* Build configuration list for PBXNativeTarget "iOSDFULibrary_Tests" */ = {
			isa = XCConfigurationList;
			buildConfigurations = (
				607FACF31AFB9204008FA782 /* Debug */,
				607FACF41AFB9204008FA782 /* Release */,
			);
			defaultConfigurationIsVisible = 0;
			defaultConfigurationName = Release;
		};
/* End XCConfigurationList section */
	};
	rootObject = 607FACC81AFB9204008FA782 /* Project object */;
}
